
Microsoft Visual Studio Solution File, Format Version 12.00
# Visual Studio Version 17
VisualStudioVersion = 17.9.34526.213
MinimumVisualStudioVersion = 10.0.40219.1
Project("{9A19103F-16F7-4668-BE54-9A1E7A4F7556}") = "TableDependency.SqlClient", "TableDependency.SqlClient\TableDependency.SqlClient.csproj", "{110FF47E-D483-4B69-9ECA-D784392C6A44}"
EndProject
Global
	GlobalSection(SolutionConfigurationPlatforms) = preSolution
		Debug|Any CPU = Debug|Any CPU
		Release|Any CPU = Release|Any CPU
	EndGlobalSection
	GlobalSection(ProjectConfigurationPlatforms) = postSolution
		{110FF47E-D483-4B69-9ECA-D784392C6A44}.Debug|Any CPU.ActiveCfg = Debug|Any CPU
		{110FF47E-D483-4B69-9ECA-D784392C6A44}.Debug|Any CPU.Build.0 = Debug|Any CPU
		{110FF47E-D483-4B69-9ECA-D784392C6A44}.Release|Any CPU.ActiveCfg = Release|Any CPU
		{110FF47E-D483-4B69-9ECA-D784392C6A44}.Release|Any CPU.Build.0 = Release|Any CPU
	EndGlobalSection
	GlobalSection(SolutionProperties) = preSolution
		HideSolutionNode = FALSE
	EndGlobalSection
	GlobalSection(ExtensibilityGlobals) = postSolution
		SolutionGuid = {DE07F587-F2D3-4DFC-907C-F6967C6E2B54}
	EndGlobalSection
EndGlobal
